
Microsoft Visual Studio Solution File, Format Version 12.00
# Visual Studio Version 17
VisualStudioVersion = 17.8.34316.72
MinimumVisualStudioVersion = 10.0.40219.1
Project("{9A19103F-16F7-4668-BE54-9A1E7A4F7556}") = "TangyWeb_Server", "TangyWeb_Server\TangyWeb_Server.csproj", "{77E59C5A-DD93-450D-82D2-B9C23EA9F692}"
EndProject
Project("{9A19103F-16F7-4668-BE54-9A1E7A4F7556}") = "TangyWeb_Client", "TangyWeb_Client\TangyWeb_Client.csproj", "{B41FC509-F18F-4A8A-B6EA-C17CCAF2550D}"
EndProject
Project("{9A19103F-16F7-4668-BE54-9A1E7A4F7556}") = "Tangy_Models", "Tangy_Models\Tangy_Models.csproj", "{E835AFFB-4AF4-4948-96ED-DBC37E601401}"
EndProject
Project("{FAE04EC0-301F-11D3-BF4B-00C04F79EFBC}") = "Tangy_Business", "Tangy_Business\Tangy_Business.csproj", "{610C0C33-2803-49D0-A027-D48BA42F18C7}"
EndProject
Project("{FAE04EC0-301F-11D3-BF4B-00C04F79EFBC}") = "Tangy_Common", "Tangy_Common\Tangy_Common.csproj", "{026962EE-A9F9-4EF8-A5C2-E2E667002D23}"
EndProject
Project("{FAE04EC0-301F-11D3-BF4B-00C04F79EFBC}") = "Tangy_DataAccess", "Tangy_DataAccess\Tangy_DataAccess.csproj", "{3C2A40D6-A42D-4B80-A20B-30A6145AA5F4}"
EndProject
Global
	GlobalSection(SolutionConfigurationPlatforms) = preSolution
		Debug|Any CPU = Debug|Any CPU
		Release|Any CPU = Release|Any CPU
	EndGlobalSection
	GlobalSection(ProjectConfigurationPlatforms) = postSolution
		{77E59C5A-DD93-450D-82D2-B9C23EA9F692}.Debug|Any CPU.ActiveCfg = Debug|Any CPU
		{77E59C5A-DD93-450D-82D2-B9C23EA9F692}.Debug|Any CPU.Build.0 = Debug|Any CPU
		{77E59C5A-DD93-450D-82D2-B9C23EA9F692}.Release|Any CPU.ActiveCfg = Release|Any CPU
		{77E59C5A-DD93-450D-82D2-B9C23EA9F692}.Release|Any CPU.Build.0 = Release|Any CPU
		{B41FC509-F18F-4A8A-B6EA-C17CCAF2550D}.Debug|Any CPU.ActiveCfg = Debug|Any CPU
		{B41FC509-F18F-4A8A-B6EA-C17CCAF2550D}.Debug|Any CPU.Build.0 = Debug|Any CPU
		{B41FC509-F18F-4A8A-B6EA-C17CCAF2550D}.Release|Any CPU.ActiveCfg = Release|Any CPU
		{B41FC509-F18F-4A8A-B6EA-C17CCAF2550D}.Release|Any CPU.Build.0 = Release|Any CPU
		{E835AFFB-4AF4-4948-96ED-DBC37E601401}.Debug|Any CPU.ActiveCfg = Debug|Any CPU
		{E835AFFB-4AF4-4948-96ED-DBC37E601401}.Debug|Any CPU.Build.0 = Debug|Any CPU
		{E835AFFB-4AF4-4948-96ED-DBC37E601401}.Release|Any CPU.ActiveCfg = Release|Any CPU
		{E835AFFB-4AF4-4948-96ED-DBC37E601401}.Release|Any CPU.Build.0 = Release|Any CPU
		{610C0C33-2803-49D0-A027-D48BA42F18C7}.Debug|Any CPU.ActiveCfg = Debug|Any CPU
		{610C0C33-2803-49D0-A027-D48BA42F18C7}.Debug|Any CPU.Build.0 = Debug|Any CPU
		{610C0C33-2803-49D0-A027-D48BA42F18C7}.Release|Any CPU.ActiveCfg = Release|Any CPU
		{610C0C33-2803-49D0-A027-D48BA42F18C7}.Release|Any CPU.Build.0 = Release|Any CPU
		{026962EE-A9F9-4EF8-A5C2-E2E667002D23}.Debug|Any CPU.ActiveCfg = Debug|Any CPU
		{026962EE-A9F9-4EF8-A5C2-E2E667002D23}.Debug|Any CPU.Build.0 = Debug|Any CPU
		{026962EE-A9F9-4EF8-A5C2-E2E667002D23}.Release|Any CPU.ActiveCfg = Release|Any CPU
		{026962EE-A9F9-4EF8-A5C2-E2E667002D23}.Release|Any CPU.Build.0 = Release|Any CPU
		{3C2A40D6-A42D-4B80-A20B-30A6145AA5F4}.Debug|Any CPU.ActiveCfg = Debug|Any CPU
		{3C2A40D6-A42D-4B80-A20B-30A6145AA5F4}.Debug|Any CPU.Build.0 = Debug|Any CPU
		{3C2A40D6-A42D-4B80-A20B-30A6145AA5F4}.Release|Any CPU.ActiveCfg = Release|Any CPU
		{3C2A40D6-A42D-4B80-A20B-30A6145AA5F4}.Release|Any CPU.Build.0 = Release|Any CPU
	EndGlobalSection
	GlobalSection(SolutionProperties) = preSolution
		HideSolutionNode = FALSE
	EndGlobalSection
	GlobalSection(ExtensibilityGlobals) = postSolution
		SolutionGuid = {80424AAF-B29A-4E1F-98B3-D6DAA13E9839}
	EndGlobalSection
EndGlobal
