
Microsoft Visual Studio Solution File, Format Version 12.00
# Visual Studio Version 17
VisualStudioVersion = 17.8.34316.72
MinimumVisualStudioVersion = 10.0.40219.1
Project("{FAE04EC0-301F-11D3-BF4B-00C04F79EFBC}") = "TangyWeb_Server", "TangyWeb_Server\TangyWeb_Server.csproj", "{77E59C5A-DD93-450D-82D2-B9C23EA9F692}"
EndProject
Global
	GlobalSection(SolutionConfigurationPlatforms) = preSolution
		Debug|Any CPU = Debug|Any CPU
		Release|Any CPU = Release|Any CPU
	EndGlobalSection
	GlobalSection(ProjectConfigurationPlatforms) = postSolution
		{77E59C5A-DD93-450D-82D2-B9C23EA9F692}.Debug|Any CPU.ActiveCfg = Debug|Any CPU
		{77E59C5A-DD93-450D-82D2-B9C23EA9F692}.Debug|Any CPU.Build.0 = Debug|Any CPU
		{77E59C5A-DD93-450D-82D2-B9C23EA9F692}.Release|Any CPU.ActiveCfg = Release|Any CPU
		{77E59C5A-DD93-450D-82D2-B9C23EA9F692}.Release|Any CPU.Build.0 = Release|Any CPU
	EndGlobalSection
	GlobalSection(SolutionProperties) = preSolution
		HideSolutionNode = FALSE
	EndGlobalSection
	GlobalSection(ExtensibilityGlobals) = postSolution
		SolutionGuid = {80424AAF-B29A-4E1F-98B3-D6DAA13E9839}
	EndGlobalSection
EndGlobal
